
Microsoft Visual Studio Solution File, Format Version 12.00
# Visual Studio Version 16
VisualStudioVersion = 16.0.29230.47
MinimumVisualStudioVersion = 10.0.40219.1
Project("{FAE04EC0-301F-11D3-BF4B-00C04F79EFBC}") = "GridSweeperCS", "GridSweeperCS.csproj", "{79703741-6E06-44E3-9FCD-2172E873678D}"
EndProject
Global
	GlobalSection(SolutionConfigurationPlatforms) = preSolution
		Debug|Any CPU = Debug|Any CPU
		Release|Any CPU = Release|Any CPU
	EndGlobalSection
	GlobalSection(ProjectConfigurationPlatforms) = postSolution
		{79703741-6E06-44E3-9FCD-2172E873678D}.Debug|Any CPU.ActiveCfg = Debug|Any CPU
		{79703741-6E06-44E3-9FCD-2172E873678D}.Debug|Any CPU.Build.0 = Debug|Any CPU
		{79703741-6E06-44E3-9FCD-2172E873678D}.Release|Any CPU.ActiveCfg = Release|Any CPU
		{79703741-6E06-44E3-9FCD-2172E873678D}.Release|Any CPU.Build.0 = Release|Any CPU
	EndGlobalSection
	GlobalSection(SolutionProperties) = preSolution
		HideSolutionNode = FALSE
	EndGlobalSection
	GlobalSection(ExtensibilityGlobals) = postSolution
		SolutionGuid = {30E5790C-BCF4-4780-966D-637077AB982A}
	EndGlobalSection
EndGlobal
