
Microsoft Visual Studio Solution File, Format Version 12.00
# Visual Studio Version 16
VisualStudioVersion = 16.0.29920.165
MinimumVisualStudioVersion = 10.0.40219.1
Project("{FAE04EC0-301F-11D3-BF4B-00C04F79EFBC}") = "makemap", "makemap.csproj", "{13EA1819-5029-4B9D-A17D-904EDA142C89}"
EndProject
Global
	GlobalSection(SolutionConfigurationPlatforms) = preSolution
		Debug|Any CPU = Debug|Any CPU
		Release|Any CPU = Release|Any CPU
	EndGlobalSection
	GlobalSection(ProjectConfigurationPlatforms) = postSolution
		{13EA1819-5029-4B9D-A17D-904EDA142C89}.Debug|Any CPU.ActiveCfg = Debug|Any CPU
		{13EA1819-5029-4B9D-A17D-904EDA142C89}.Debug|Any CPU.Build.0 = Debug|Any CPU
		{13EA1819-5029-4B9D-A17D-904EDA142C89}.Release|Any CPU.ActiveCfg = Release|Any CPU
		{13EA1819-5029-4B9D-A17D-904EDA142C89}.Release|Any CPU.Build.0 = Release|Any CPU
	EndGlobalSection
	GlobalSection(SolutionProperties) = preSolution
		HideSolutionNode = FALSE
	EndGlobalSection
	GlobalSection(ExtensibilityGlobals) = postSolution
		SolutionGuid = {1D15E007-4A0E-405A-8727-1472ADD887C4}
	EndGlobalSection
EndGlobal
